
Microsoft Visual Studio Solution File, Format Version 12.00
# Visual Studio Version 17
VisualStudioVersion = 17.8.34511.84
MinimumVisualStudioVersion = 10.0.40219.1
Project("{FAE04EC0-301F-11D3-BF4B-00C04F79EFBC}") = "PierwiastkiKwadratowa", "PierwiastkiKwadratowa\PierwiastkiKwadratowa.csproj", "{0B694793-9290-48CF-A467-60A5551426D3}"
EndProject
Project("{FAE04EC0-301F-11D3-BF4B-00C04F79EFBC}") = "TestProject", "TestProject\TestProject.csproj", "{F2E46E1C-BAF6-4683-8FED-D78CBE1728C0}"
EndProject
Global
	GlobalSection(SolutionConfigurationPlatforms) = preSolution
		Debug|Any CPU = Debug|Any CPU
		Release|Any CPU = Release|Any CPU
	EndGlobalSection
	GlobalSection(ProjectConfigurationPlatforms) = postSolution
		{0B694793-9290-48CF-A467-60A5551426D3}.Debug|Any CPU.ActiveCfg = Debug|Any CPU
		{0B694793-9290-48CF-A467-60A5551426D3}.Debug|Any CPU.Build.0 = Debug|Any CPU
		{0B694793-9290-48CF-A467-60A5551426D3}.Release|Any CPU.ActiveCfg = Release|Any CPU
		{0B694793-9290-48CF-A467-60A5551426D3}.Release|Any CPU.Build.0 = Release|Any CPU
		{F2E46E1C-BAF6-4683-8FED-D78CBE1728C0}.Debug|Any CPU.ActiveCfg = Debug|Any CPU
		{F2E46E1C-BAF6-4683-8FED-D78CBE1728C0}.Debug|Any CPU.Build.0 = Debug|Any CPU
		{F2E46E1C-BAF6-4683-8FED-D78CBE1728C0}.Release|Any CPU.ActiveCfg = Release|Any CPU
		{F2E46E1C-BAF6-4683-8FED-D78CBE1728C0}.Release|Any CPU.Build.0 = Release|Any CPU
	EndGlobalSection
	GlobalSection(SolutionProperties) = preSolution
		HideSolutionNode = FALSE
	EndGlobalSection
	GlobalSection(ExtensibilityGlobals) = postSolution
		SolutionGuid = {47D076DA-6982-41CF-94A7-F4BF31C273DD}
	EndGlobalSection
EndGlobal
